Microsoft Visual Studio Solution File, Format Version 8.00
Project("{8BC9CEB8-8B4A-11D0-8D11-00A0C91BC942}") = "Doxygen", "Doxygen\Doxygen.vcproj", "{F09C93B0-51D8-4F03-8446-EE30EFB36E59}"
	ProjectSection(ProjectDependencies) = postProject
		{5A212610-0104-40A0-A8D1-8425C58AF6C0} = {5A212610-0104-40A0-A8D1-8425C58AF6C0}
		{EE915F10-A53E-4DCC-9D78-C3EB02021DA4} = {EE915F10-A53E-4DCC-9D78-C3EB02021DA4}
		{E0FB7618-6A62-421C-BB47-FA804B2E0ED3} = {E0FB7618-6A62-421C-BB47-FA804B2E0ED3}
		{EEE71437-5B92-4DCA-B804-AEF4B1FF1B41} = {EEE71437-5B92-4DCA-B804-AEF4B1FF1B41}
		{616EFA37-EB0F-4F05-B1F8-C91D963C4393} = {616EFA37-EB0F-4F05-B1F8-C91D963C4393}
		{5A5FE538-EF48-4103-9B7F-1F05F8DDF7DF} = {5A5FE538-EF48-4103-9B7F-1F05F8DDF7DF}
		{179CE452-ADC0-42CA-B650-DC33A88946BF} = {179CE452-ADC0-42CA-B650-DC33A88946BF}
		{2873BB54-1E45-4447-B8F5-CF1F82710FF4} = {2873BB54-1E45-4447-B8F5-CF1F82710FF4}
		{198AB758-77F9-4256-ABEC-E222E7CAB748} = {198AB758-77F9-4256-ABEC-E222E7CAB748}
		{9542895F-12E5-46F0-95EF-53692BA08926} = {9542895F-12E5-46F0-95EF-53692BA08926}
		{9542895F-12E5-46F0-95EF-53692BA08926} = {9542895F-12E5-46F0-95EF-53692BA08926}
		{9542895F-12E5-46F0-95EF-53692BA08926} = {9542895F-12E5-46F0-95EF-53692BA08926}
		{3275AA6A-3CC6-4A24-BC44-4A6EE24CCFD0} = {3275AA6A-3CC6-4A24-BC44-4A6EE24CCFD0}
		{ED3D3498-91EE-49B1-B091-BDDA2BE7C099} = {ED3D3498-91EE-49B1-B091-BDDA2BE7C099}
		{52D0C9A6-8972-4FB6-93EA-D61899DB2197} = {52D0C9A6-8972-4FB6-93EA-D61899DB2197}
		{169D05B7-22A6-4E5B-AB71-C22600936CEB} = {169D05B7-22A6-4E5B-AB71-C22600936CEB}
		{B1CC9AC5-D776-4FB0-8B9D-5FE64F992FE1} = {B1CC9AC5-D776-4FB0-8B9D-5FE64F992FE1}
		{B1CC9AC5-D776-4FB0-8B9D-5FE64F992FE1} = {B1CC9AC5-D776-4FB0-8B9D-5FE64F992FE1}
		{4DEB24E1-D542-45FD-9528-DE26DB22AFE3} = {4DEB24E1-D542-45FD-9528-DE26DB22AFE3}
		{972054E3-8A65-436A-9EF2-A1C7CD18092C} = {972054E3-8A65-436A-9EF2-A1C7CD18092C}
		{77560EEE-D69C-4487-B97D-FE5A0EA47F7E} = {77560EEE-D69C-4487-B97D-FE5A0EA47F7E}
		{77560EEE-D69C-4487-B97D-FE5A0EA47F7E} = {77560EEE-D69C-4487-B97D-FE5A0EA47F7E}
		{4E1A02F0-B467-410C-9A8D-5A9D40F219AA} = {4E1A02F0-B467-410C-9A8D-5A9D40F219AA}
		{AEFFB2F5-DF3E-428D-8EA4-AF90FDB0C167} = {AEFFB2F5-DF3E-428D-8EA4-AF90FDB0C167}
	EndProjectSection
EndProject
Project("{8BC9CEB8-8B4A-11D0-8D11-00A0C91BC942}") = "Extern", "Doxygen\Extern.vcproj", "{5A212610-0104-40A0-A8D1-8425C58AF6C0}"
	ProjectSection(ProjectDependencies) = postProject
	EndProjectSection
EndProject
Project("{8BC9CEB8-8B4A-11D0-8D11-00A0C91BC942}") = "Gerr", "Gerr\Gerr.vcproj", "{972054E3-8A65-436A-9EF2-A1C7CD18092C}"
	ProjectSection(ProjectDependencies) = postProject
		{EEE71437-5B92-4DCA-B804-AEF4B1FF1B41} = {EEE71437-5B92-4DCA-B804-AEF4B1FF1B41}
	EndProjectSection
EndProject
Project("{8BC9CEB8-8B4A-11D0-8D11-00A0C91BC942}") = "MagRepl", "MagRepl\MagRepl.vcproj", "{AEFFB2F5-DF3E-428D-8EA4-AF90FDB0C167}"
	ProjectSection(ProjectDependencies) = postProject
		{EEE71437-5B92-4DCA-B804-AEF4B1FF1B41} = {EEE71437-5B92-4DCA-B804-AEF4B1FF1B41}
	EndProjectSection
EndProject
Project("{8BC9CEB8-8B4A-11D0-8D11-00A0C91BC942}") = "MinGerr", "MinGerr\MinGerr.vcproj", "{4DEB24E1-D542-45FD-9528-DE26DB22AFE3}"
	ProjectSection(ProjectDependencies) = postProject
		{EEE71437-5B92-4DCA-B804-AEF4B1FF1B41} = {EEE71437-5B92-4DCA-B804-AEF4B1FF1B41}
	EndProjectSection
EndProject
Project("{8BC9CEB8-8B4A-11D0-8D11-00A0C91BC942}") = "MinZerrKern_shg", "MinZerrKern_shg\MinZerrKern_shg.vcproj", "{2873BB54-1E45-4447-B8F5-CF1F82710FF4}"
	ProjectSection(ProjectDependencies) = postProject
		{EEE71437-5B92-4DCA-B804-AEF4B1FF1B41} = {EEE71437-5B92-4DCA-B804-AEF4B1FF1B41}
	EndProjectSection
EndProject
Project("{8BC9CEB8-8B4A-11D0-8D11-00A0C91BC942}") = "MinZerrKern_wW_shg", "MinZerrKern_wW_shg\MinZerrKern_wW_shg.vcproj", "{169D05B7-22A6-4E5B-AB71-C22600936CEB}"
	ProjectSection(ProjectDependencies) = postProject
	EndProjectSection
EndProject
Project("{8BC9CEB8-8B4A-11D0-8D11-00A0C91BC942}") = "MinZerrKern_wWd_shg", "MinZerrKern_wWd_shg\MinZerrKern_wWd_shg.vcproj", "{ED3D3498-91EE-49B1-B091-BDDA2BE7C099}"
	ProjectSection(ProjectDependencies) = postProject
		{EEE71437-5B92-4DCA-B804-AEF4B1FF1B41} = {EEE71437-5B92-4DCA-B804-AEF4B1FF1B41}
	EndProjectSection
EndProject
Project("{8BC9CEB8-8B4A-11D0-8D11-00A0C91BC942}") = "Util", "Util\Util.vcproj", "{EEE71437-5B92-4DCA-B804-AEF4B1FF1B41}"
	ProjectSection(ProjectDependencies) = postProject
	EndProjectSection
EndProject
Project("{8BC9CEB8-8B4A-11D0-8D11-00A0C91BC942}") = "Zerr", "Zerr\Zerr.vcproj", "{616EFA37-EB0F-4F05-B1F8-C91D963C4393}"
	ProjectSection(ProjectDependencies) = postProject
		{EEE71437-5B92-4DCA-B804-AEF4B1FF1B41} = {EEE71437-5B92-4DCA-B804-AEF4B1FF1B41}
	EndProjectSection
EndProject
Project("{8BC9CEB8-8B4A-11D0-8D11-00A0C91BC942}") = "ZerrKern_shg", "ZerrKern_shg\ZerrKern_shg.vcproj", "{4E1A02F0-B467-410C-9A8D-5A9D40F219AA}"
	ProjectSection(ProjectDependencies) = postProject
		{EEE71437-5B92-4DCA-B804-AEF4B1FF1B41} = {EEE71437-5B92-4DCA-B804-AEF4B1FF1B41}
	EndProjectSection
EndProject
Project("{8BC9CEB8-8B4A-11D0-8D11-00A0C91BC942}") = "ZerrKern_wW_shg", "ZerrKern_wW_shg\ZerrKern_wW_shg.vcproj", "{198AB758-77F9-4256-ABEC-E222E7CAB748}"
	ProjectSection(ProjectDependencies) = postProject
		{EEE71437-5B92-4DCA-B804-AEF4B1FF1B41} = {EEE71437-5B92-4DCA-B804-AEF4B1FF1B41}
	EndProjectSection
EndProject
Project("{8BC9CEB8-8B4A-11D0-8D11-00A0C91BC942}") = "dZdE_shg", "dZdE_shg\dZdE_shg.vcproj", "{EE915F10-A53E-4DCC-9D78-C3EB02021DA4}"
	ProjectSection(ProjectDependencies) = postProject
		{EEE71437-5B92-4DCA-B804-AEF4B1FF1B41} = {EEE71437-5B92-4DCA-B804-AEF4B1FF1B41}
	EndProjectSection
EndProject
Project("{8BC9CEB8-8B4A-11D0-8D11-00A0C91BC942}") = "dZdE_wW_shg", "dZdE_wW_shg\dZdE_wW_shg.vcproj", "{3275AA6A-3CC6-4A24-BC44-4A6EE24CCFD0}"
	ProjectSection(ProjectDependencies) = postProject
		{EEE71437-5B92-4DCA-B804-AEF4B1FF1B41} = {EEE71437-5B92-4DCA-B804-AEF4B1FF1B41}
	EndProjectSection
EndProject
Project("{8BC9CEB8-8B4A-11D0-8D11-00A0C91BC942}") = "dZdE_wWd_shg", "dZdE_wWd_shg\dZdE_wWd_shg.vcproj", "{179CE452-ADC0-42CA-B650-DC33A88946BF}"
	ProjectSection(ProjectDependencies) = postProject
		{EEE71437-5B92-4DCA-B804-AEF4B1FF1B41} = {EEE71437-5B92-4DCA-B804-AEF4B1FF1B41}
	EndProjectSection
EndProject
Project("{8BC9CEB8-8B4A-11D0-8D11-00A0C91BC942}") = "mnbrak", "mnbrak\mnbrak.vcproj", "{52D0C9A6-8972-4FB6-93EA-D61899DB2197}"
	ProjectSection(ProjectDependencies) = postProject
		{EEE71437-5B92-4DCA-B804-AEF4B1FF1B41} = {EEE71437-5B92-4DCA-B804-AEF4B1FF1B41}
	EndProjectSection
EndProject
Project("{8BC9CEB8-8B4A-11D0-8D11-00A0C91BC942}") = "CalcEsig", "CalcEsig\CalcEsig.vcproj", "{B1CC9AC5-D776-4FB0-8B9D-5FE64F992FE1}"
	ProjectSection(ProjectDependencies) = postProject
		{EEE71437-5B92-4DCA-B804-AEF4B1FF1B41} = {EEE71437-5B92-4DCA-B804-AEF4B1FF1B41}
	EndProjectSection
EndProject
Project("{8BC9CEB8-8B4A-11D0-8D11-00A0C91BC942}") = "CalcEsig_wW", "CalcEsig_wW\CalcEsig_wW.vcproj", "{E0FB7618-6A62-421C-BB47-FA804B2E0ED3}"
	ProjectSection(ProjectDependencies) = postProject
		{EEE71437-5B92-4DCA-B804-AEF4B1FF1B41} = {EEE71437-5B92-4DCA-B804-AEF4B1FF1B41}
	EndProjectSection
EndProject
Project("{8BC9CEB8-8B4A-11D0-8D11-00A0C91BC942}") = "CalcEsig_wWd", "CalcEsig_wWd\CalcEsig_wWd.vcproj", "{5A5FE538-EF48-4103-9B7F-1F05F8DDF7DF}"
	ProjectSection(ProjectDependencies) = postProject
		{EEE71437-5B92-4DCA-B804-AEF4B1FF1B41} = {EEE71437-5B92-4DCA-B804-AEF4B1FF1B41}
	EndProjectSection
EndProject
Project("{8BC9CEB8-8B4A-11D0-8D11-00A0C91BC942}") = "MagSq", "MagSq\MagSq.vcproj", "{B1CC9AC5-D776-4FB0-8B9D-5FE64F992FE1}"
	ProjectSection(ProjectDependencies) = postProject
		{EEE71437-5B92-4DCA-B804-AEF4B1FF1B41} = {EEE71437-5B92-4DCA-B804-AEF4B1FF1B41}
	EndProjectSection
EndProject
Project("{8BC9CEB8-8B4A-11D0-8D11-00A0C91BC942}") = "dZdE_blindpg", "dZdE_blindpg\dZdE_blindpg.vcproj", "{77560EEE-D69C-4487-B97D-FE5A0EA47F7E}"
	ProjectSection(ProjectDependencies) = postProject
		{EEE71437-5B92-4DCA-B804-AEF4B1FF1B41} = {EEE71437-5B92-4DCA-B804-AEF4B1FF1B41}
	EndProjectSection
EndProject
Project("{8BC9CEB8-8B4A-11D0-8D11-00A0C91BC942}") = "dZdE_pg", "dZdE_pg\dZdE_pg.vcproj", "{77560EEE-D69C-4487-B97D-FE5A0EA47F7E}"
	ProjectSection(ProjectDependencies) = postProject
		{EEE71437-5B92-4DCA-B804-AEF4B1FF1B41} = {EEE71437-5B92-4DCA-B804-AEF4B1FF1B41}
	EndProjectSection
EndProject
Project("{8BC9CEB8-8B4A-11D0-8D11-00A0C91BC942}") = "MinZerrKern2_blindpg", "MinZerrKern2_blindpg\MinZerrKern2_blindpg.vcproj", "{9542895F-12E5-46F0-95EF-53692BA08926}"
	ProjectSection(ProjectDependencies) = postProject
		{EEE71437-5B92-4DCA-B804-AEF4B1FF1B41} = {EEE71437-5B92-4DCA-B804-AEF4B1FF1B41}
	EndProjectSection
EndProject
Project("{8BC9CEB8-8B4A-11D0-8D11-00A0C91BC942}") = "MinZerrKern_blindpg", "MinZerrKern_blindpg\MinZerrKern_blindpg.vcproj", "{9542895F-12E5-46F0-95EF-53692BA08926}"
	ProjectSection(ProjectDependencies) = postProject
		{EEE71437-5B92-4DCA-B804-AEF4B1FF1B41} = {EEE71437-5B92-4DCA-B804-AEF4B1FF1B41}
	EndProjectSection
EndProject
Project("{8BC9CEB8-8B4A-11D0-8D11-00A0C91BC942}") = "MinZerrKern_pg", "MinZerrKern_pg\MinZerrKern_pg.vcproj", "{9542895F-12E5-46F0-95EF-53692BA08926}"
	ProjectSection(ProjectDependencies) = postProject
		{EEE71437-5B92-4DCA-B804-AEF4B1FF1B41} = {EEE71437-5B92-4DCA-B804-AEF4B1FF1B41}
	EndProjectSection
EndProject
Project("{8BC9CEB8-8B4A-11D0-8D11-00A0C91BC942}") = "CalcEwx_exp", "CalcEwx_exp\CalcEwx_exp.vcproj", "{B1CC9AC5-D776-4FB0-8B9D-5FE64F992FE1}"
	ProjectSection(ProjectDependencies) = postProject
	EndProjectSection
EndProject
Project("{8BC9CEB8-8B4A-11D0-8D11-00A0C91BC942}") = "MinZerrKern_thg", "MinZerrKern_thg\MinZerrKern_thg.vcproj", "{16538274-3A29-4359-A1FF-9F003DEE23E9}"
	ProjectSection(ProjectDependencies) = postProject
	EndProjectSection
EndProject
Project("{8BC9CEB8-8B4A-11D0-8D11-00A0C91BC942}") = "dZdE_thg", "dZdE_thg\dZdE_thg.vcproj", "{77560EEE-D69C-4487-B97D-FE5A0EA47F7E}"
	ProjectSection(ProjectDependencies) = postProject
	EndProjectSection
EndProject
Global
	GlobalSection(SolutionConfiguration) = preSolution
		Debug = Debug
		Help = Help
		Release = Release
	EndGlobalSection
	GlobalSection(ProjectConfiguration) = postSolution
		{F09C93B0-51D8-4F03-8446-EE30EFB36E59}.Debug.ActiveCfg = Help|Win32
		{F09C93B0-51D8-4F03-8446-EE30EFB36E59}.Help.ActiveCfg = Help|Win32
		{F09C93B0-51D8-4F03-8446-EE30EFB36E59}.Help.Build.0 = Help|Win32
		{F09C93B0-51D8-4F03-8446-EE30EFB36E59}.Release.ActiveCfg = Help|Win32
		{5A212610-0104-40A0-A8D1-8425C58AF6C0}.Debug.ActiveCfg = Help|Win32
		{5A212610-0104-40A0-A8D1-8425C58AF6C0}.Help.ActiveCfg = Help|Win32
		{5A212610-0104-40A0-A8D1-8425C58AF6C0}.Help.Build.0 = Help|Win32
		{5A212610-0104-40A0-A8D1-8425C58AF6C0}.Release.ActiveCfg = Help|Win32
		{972054E3-8A65-436A-9EF2-A1C7CD18092C}.Debug.ActiveCfg = Debug|Win32
		{972054E3-8A65-436A-9EF2-A1C7CD18092C}.Debug.Build.0 = Debug|Win32
		{972054E3-8A65-436A-9EF2-A1C7CD18092C}.Help.ActiveCfg = Debug|Win32
		{972054E3-8A65-436A-9EF2-A1C7CD18092C}.Release.ActiveCfg = Release|Win32
		{972054E3-8A65-436A-9EF2-A1C7CD18092C}.Release.Build.0 = Release|Win32
		{AEFFB2F5-DF3E-428D-8EA4-AF90FDB0C167}.Debug.ActiveCfg = Debug|Win32
		{AEFFB2F5-DF3E-428D-8EA4-AF90FDB0C167}.Debug.Build.0 = Debug|Win32
		{AEFFB2F5-DF3E-428D-8EA4-AF90FDB0C167}.Help.ActiveCfg = Debug|Win32
		{AEFFB2F5-DF3E-428D-8EA4-AF90FDB0C167}.Release.ActiveCfg = Release|Win32
		{AEFFB2F5-DF3E-428D-8EA4-AF90FDB0C167}.Release.Build.0 = Release|Win32
		{4DEB24E1-D542-45FD-9528-DE26DB22AFE3}.Debug.ActiveCfg = Debug|Win32
		{4DEB24E1-D542-45FD-9528-DE26DB22AFE3}.Debug.Build.0 = Debug|Win32
		{4DEB24E1-D542-45FD-9528-DE26DB22AFE3}.Help.ActiveCfg = Debug|Win32
		{4DEB24E1-D542-45FD-9528-DE26DB22AFE3}.Release.ActiveCfg = Release|Win32
		{4DEB24E1-D542-45FD-9528-DE26DB22AFE3}.Release.Build.0 = Release|Win32
		{2873BB54-1E45-4447-B8F5-CF1F82710FF4}.Debug.ActiveCfg = Debug|Win32
		{2873BB54-1E45-4447-B8F5-CF1F82710FF4}.Debug.Build.0 = Debug|Win32
		{2873BB54-1E45-4447-B8F5-CF1F82710FF4}.Help.ActiveCfg = Debug|Win32
		{2873BB54-1E45-4447-B8F5-CF1F82710FF4}.Release.ActiveCfg = Release|Win32
		{2873BB54-1E45-4447-B8F5-CF1F82710FF4}.Release.Build.0 = Release|Win32
		{169D05B7-22A6-4E5B-AB71-C22600936CEB}.Debug.ActiveCfg = Debug|Win32
		{169D05B7-22A6-4E5B-AB71-C22600936CEB}.Debug.Build.0 = Debug|Win32
		{169D05B7-22A6-4E5B-AB71-C22600936CEB}.Help.ActiveCfg = Debug|Win32
		{169D05B7-22A6-4E5B-AB71-C22600936CEB}.Release.ActiveCfg = Release|Win32
		{169D05B7-22A6-4E5B-AB71-C22600936CEB}.Release.Build.0 = Release|Win32
		{ED3D3498-91EE-49B1-B091-BDDA2BE7C099}.Debug.ActiveCfg = Debug|Win32
		{ED3D3498-91EE-49B1-B091-BDDA2BE7C099}.Debug.Build.0 = Debug|Win32
		{ED3D3498-91EE-49B1-B091-BDDA2BE7C099}.Help.ActiveCfg = Debug|Win32
		{ED3D3498-91EE-49B1-B091-BDDA2BE7C099}.Release.ActiveCfg = Release|Win32
		{ED3D3498-91EE-49B1-B091-BDDA2BE7C099}.Release.Build.0 = Release|Win32
		{EEE71437-5B92-4DCA-B804-AEF4B1FF1B41}.Debug.ActiveCfg = Debug|Win32
		{EEE71437-5B92-4DCA-B804-AEF4B1FF1B41}.Debug.Build.0 = Debug|Win32
		{EEE71437-5B92-4DCA-B804-AEF4B1FF1B41}.Help.ActiveCfg = Debug|Win32
		{EEE71437-5B92-4DCA-B804-AEF4B1FF1B41}.Release.ActiveCfg = Release|Win32
		{EEE71437-5B92-4DCA-B804-AEF4B1FF1B41}.Release.Build.0 = Release|Win32
		{616EFA37-EB0F-4F05-B1F8-C91D963C4393}.Debug.ActiveCfg = Debug|Win32
		{616EFA37-EB0F-4F05-B1F8-C91D963C4393}.Debug.Build.0 = Debug|Win32
		{616EFA37-EB0F-4F05-B1F8-C91D963C4393}.Help.ActiveCfg = Release|Win32
		{616EFA37-EB0F-4F05-B1F8-C91D963C4393}.Release.ActiveCfg = Release|Win32
		{616EFA37-EB0F-4F05-B1F8-C91D963C4393}.Release.Build.0 = Release|Win32
		{4E1A02F0-B467-410C-9A8D-5A9D40F219AA}.Debug.ActiveCfg = Debug|Win32
		{4E1A02F0-B467-410C-9A8D-5A9D40F219AA}.Debug.Build.0 = Debug|Win32
		{4E1A02F0-B467-410C-9A8D-5A9D40F219AA}.Help.ActiveCfg = Release|Win32
		{4E1A02F0-B467-410C-9A8D-5A9D40F219AA}.Release.ActiveCfg = Release|Win32
		{4E1A02F0-B467-410C-9A8D-5A9D40F219AA}.Release.Build.0 = Release|Win32
		{198AB758-77F9-4256-ABEC-E222E7CAB748}.Debug.ActiveCfg = Debug|Win32
		{198AB758-77F9-4256-ABEC-E222E7CAB748}.Debug.Build.0 = Debug|Win32
		{198AB758-77F9-4256-ABEC-E222E7CAB748}.Help.ActiveCfg = Release|Win32
		{198AB758-77F9-4256-ABEC-E222E7CAB748}.Release.ActiveCfg = Release|Win32
		{198AB758-77F9-4256-ABEC-E222E7CAB748}.Release.Build.0 = Release|Win32
		{EE915F10-A53E-4DCC-9D78-C3EB02021DA4}.Debug.ActiveCfg = Debug|Win32
		{EE915F10-A53E-4DCC-9D78-C3EB02021DA4}.Debug.Build.0 = Debug|Win32
		{EE915F10-A53E-4DCC-9D78-C3EB02021DA4}.Help.ActiveCfg = Release|Win32
		{EE915F10-A53E-4DCC-9D78-C3EB02021DA4}.Release.ActiveCfg = Release|Win32
		{EE915F10-A53E-4DCC-9D78-C3EB02021DA4}.Release.Build.0 = Release|Win32
		{3275AA6A-3CC6-4A24-BC44-4A6EE24CCFD0}.Debug.ActiveCfg = Debug|Win32
		{3275AA6A-3CC6-4A24-BC44-4A6EE24CCFD0}.Debug.Build.0 = Debug|Win32
		{3275AA6A-3CC6-4A24-BC44-4A6EE24CCFD0}.Help.ActiveCfg = Debug|Win32
		{3275AA6A-3CC6-4A24-BC44-4A6EE24CCFD0}.Release.ActiveCfg = Release|Win32
		{3275AA6A-3CC6-4A24-BC44-4A6EE24CCFD0}.Release.Build.0 = Release|Win32
		{179CE452-ADC0-42CA-B650-DC33A88946BF}.Debug.ActiveCfg = Debug|Win32
		{179CE452-ADC0-42CA-B650-DC33A88946BF}.Debug.Build.0 = Debug|Win32
		{179CE452-ADC0-42CA-B650-DC33A88946BF}.Help.ActiveCfg = Debug|Win32
		{179CE452-ADC0-42CA-B650-DC33A88946BF}.Release.ActiveCfg = Release|Win32
		{179CE452-ADC0-42CA-B650-DC33A88946BF}.Release.Build.0 = Release|Win32
		{52D0C9A6-8972-4FB6-93EA-D61899DB2197}.Debug.ActiveCfg = Debug|Win32
		{52D0C9A6-8972-4FB6-93EA-D61899DB2197}.Debug.Build.0 = Debug|Win32
		{52D0C9A6-8972-4FB6-93EA-D61899DB2197}.Help.ActiveCfg = Debug|Win32
		{52D0C9A6-8972-4FB6-93EA-D61899DB2197}.Release.ActiveCfg = Release|Win32
		{52D0C9A6-8972-4FB6-93EA-D61899DB2197}.Release.Build.0 = Release|Win32
		{B1CC9AC5-D776-4FB0-8B9D-5FE64F992FE1}.Debug.ActiveCfg = Debug|Win32
		{B1CC9AC5-D776-4FB0-8B9D-5FE64F992FE1}.Debug.Build.0 = Debug|Win32
		{B1CC9AC5-D776-4FB0-8B9D-5FE64F992FE1}.Help.ActiveCfg = Debug|Win32
		{B1CC9AC5-D776-4FB0-8B9D-5FE64F992FE1}.Help.Build.0 = Debug|Win32
		{B1CC9AC5-D776-4FB0-8B9D-5FE64F992FE1}.Release.ActiveCfg = Release|Win32
		{B1CC9AC5-D776-4FB0-8B9D-5FE64F992FE1}.Release.Build.0 = Release|Win32
		{E0FB7618-6A62-421C-BB47-FA804B2E0ED3}.Debug.ActiveCfg = Debug|Win32
		{E0FB7618-6A62-421C-BB47-FA804B2E0ED3}.Debug.Build.0 = Debug|Win32
		{E0FB7618-6A62-421C-BB47-FA804B2E0ED3}.Help.ActiveCfg = Release|Win32
		{E0FB7618-6A62-421C-BB47-FA804B2E0ED3}.Release.ActiveCfg = Release|Win32
		{E0FB7618-6A62-421C-BB47-FA804B2E0ED3}.Release.Build.0 = Release|Win32
		{5A5FE538-EF48-4103-9B7F-1F05F8DDF7DF}.Debug.ActiveCfg = Debug|Win32
		{5A5FE538-EF48-4103-9B7F-1F05F8DDF7DF}.Debug.Build.0 = Debug|Win32
		{5A5FE538-EF48-4103-9B7F-1F05F8DDF7DF}.Help.ActiveCfg = Release|Win32
		{5A5FE538-EF48-4103-9B7F-1F05F8DDF7DF}.Release.ActiveCfg = Release|Win32
		{5A5FE538-EF48-4103-9B7F-1F05F8DDF7DF}.Release.Build.0 = Release|Win32
		{B1CC9AC5-D776-4FB0-8B9D-5FE64F992FE1}.Debug.ActiveCfg = Debug|Win32
		{B1CC9AC5-D776-4FB0-8B9D-5FE64F992FE1}.Debug.Build.0 = Debug|Win32
		{B1CC9AC5-D776-4FB0-8B9D-5FE64F992FE1}.Help.ActiveCfg = Debug|Win32
		{B1CC9AC5-D776-4FB0-8B9D-5FE64F992FE1}.Help.Build.0 = Debug|Win32
		{B1CC9AC5-D776-4FB0-8B9D-5FE64F992FE1}.Release.ActiveCfg = Release|Win32
		{B1CC9AC5-D776-4FB0-8B9D-5FE64F992FE1}.Release.Build.0 = Release|Win32
		{77560EEE-D69C-4487-B97D-FE5A0EA47F7E}.Debug.ActiveCfg = Debug|Win32
		{77560EEE-D69C-4487-B97D-FE5A0EA47F7E}.Debug.Build.0 = Debug|Win32
		{77560EEE-D69C-4487-B97D-FE5A0EA47F7E}.Help.ActiveCfg = Release|Win32
		{77560EEE-D69C-4487-B97D-FE5A0EA47F7E}.Release.ActiveCfg = Release|Win32
		{77560EEE-D69C-4487-B97D-FE5A0EA47F7E}.Release.Build.0 = Release|Win32
		{77560EEE-D69C-4487-B97D-FE5A0EA47F7E}.Debug.ActiveCfg = Debug|Win32
		{77560EEE-D69C-4487-B97D-FE5A0EA47F7E}.Debug.Build.0 = Debug|Win32
		{77560EEE-D69C-4487-B97D-FE5A0EA47F7E}.Help.ActiveCfg = Release|Win32
		{77560EEE-D69C-4487-B97D-FE5A0EA47F7E}.Release.ActiveCfg = Release|Win32
		{77560EEE-D69C-4487-B97D-FE5A0EA47F7E}.Release.Build.0 = Release|Win32
		{9542895F-12E5-46F0-95EF-53692BA08926}.Debug.ActiveCfg = Debug|Win32
		{9542895F-12E5-46F0-95EF-53692BA08926}.Debug.Build.0 = Debug|Win32
		{9542895F-12E5-46F0-95EF-53692BA08926}.Help.ActiveCfg = Debug|Win32
		{9542895F-12E5-46F0-95EF-53692BA08926}.Release.ActiveCfg = Release|Win32
		{9542895F-12E5-46F0-95EF-53692BA08926}.Release.Build.0 = Release|Win32
		{9542895F-12E5-46F0-95EF-53692BA08926}.Debug.ActiveCfg = Debug|Win32
		{9542895F-12E5-46F0-95EF-53692BA08926}.Debug.Build.0 = Debug|Win32
		{9542895F-12E5-46F0-95EF-53692BA08926}.Help.ActiveCfg = Debug|Win32
		{9542895F-12E5-46F0-95EF-53692BA08926}.Release.ActiveCfg = Release|Win32
		{9542895F-12E5-46F0-95EF-53692BA08926}.Release.Build.0 = Release|Win32
		{9542895F-12E5-46F0-95EF-53692BA08926}.Debug.ActiveCfg = Debug|Win32
		{9542895F-12E5-46F0-95EF-53692BA08926}.Debug.Build.0 = Debug|Win32
		{9542895F-12E5-46F0-95EF-53692BA08926}.Help.ActiveCfg = Debug|Win32
		{9542895F-12E5-46F0-95EF-53692BA08926}.Release.ActiveCfg = Release|Win32
		{9542895F-12E5-46F0-95EF-53692BA08926}.Release.Build.0 = Release|Win32
		{B1CC9AC5-D776-4FB0-8B9D-5FE64F992FE1}.Debug.ActiveCfg = Debug|Win32
		{B1CC9AC5-D776-4FB0-8B9D-5FE64F992FE1}.Debug.Build.0 = Debug|Win32
		{B1CC9AC5-D776-4FB0-8B9D-5FE64F992FE1}.Help.ActiveCfg = Debug|Win32
		{B1CC9AC5-D776-4FB0-8B9D-5FE64F992FE1}.Help.Build.0 = Debug|Win32
		{B1CC9AC5-D776-4FB0-8B9D-5FE64F992FE1}.Release.ActiveCfg = Release|Win32
		{B1CC9AC5-D776-4FB0-8B9D-5FE64F992FE1}.Release.Build.0 = Release|Win32
		{16538274-3A29-4359-A1FF-9F003DEE23E9}.Debug.ActiveCfg = Debug|Win32
		{16538274-3A29-4359-A1FF-9F003DEE23E9}.Debug.Build.0 = Debug|Win32
		{16538274-3A29-4359-A1FF-9F003DEE23E9}.Help.ActiveCfg = Debug|Win32
		{16538274-3A29-4359-A1FF-9F003DEE23E9}.Help.Build.0 = Debug|Win32
		{16538274-3A29-4359-A1FF-9F003DEE23E9}.Release.ActiveCfg = Release|Win32
		{16538274-3A29-4359-A1FF-9F003DEE23E9}.Release.Build.0 = Release|Win32
		{77560EEE-D69C-4487-B97D-FE5A0EA47F7E}.Debug.ActiveCfg = Debug|Win32
		{77560EEE-D69C-4487-B97D-FE5A0EA47F7E}.Debug.Build.0 = Debug|Win32
		{77560EEE-D69C-4487-B97D-FE5A0EA47F7E}.Help.ActiveCfg = Release|Win32
		{77560EEE-D69C-4487-B97D-FE5A0EA47F7E}.Help.Build.0 = Release|Win32
		{77560EEE-D69C-4487-B97D-FE5A0EA47F7E}.Release.ActiveCfg = Release|Win32
		{77560EEE-D69C-4487-B97D-FE5A0EA47F7E}.Release.Build.0 = Release|Win32
	EndGlobalSection
	GlobalSection(ExtensibilityGlobals) = postSolution
	EndGlobalSection
	GlobalSection(ExtensibilityAddIns) = postSolution
	EndGlobalSection
EndGlobal
